
Microsoft Visual Studio Solution File, Format Version 12.00
Project("{FAE04EC0-301F-11D3-BF4B-00C04F79EFBC}") = "Norika.PlugInLoader", "Norika.PlugInLoader\Norika.PlugInLoader.csproj", "{85A37E20-475D-4177-BC5E-892537D14E86}"
EndProject
Project("{FAE04EC0-301F-11D3-BF4B-00C04F79EFBC}") = "Norika.PlugInLoader.Abstractions", "Norika.PlugInLoader.Abstractions\Norika.PlugInLoader.Abstractions.csproj", "{A459ED9E-65E5-46EC-A26E-7E8E300CEFEB}"
EndProject
Project("{FAE04EC0-301F-11D3-BF4B-00C04F79EFBC}") = "Norika.PlugInLoader.Samples", "Norika.PlugInLoader.Samples\Norika.PlugInLoader.Samples.csproj", "{F15636B8-F709-4167-A684-357F3DAF5B41}"
EndProject
Project("{FAE04EC0-301F-11D3-BF4B-00C04F79EFBC}") = "Norika.PlugInLoader.UnitTests", "Norika.PlugInLoader.UnitTests\Norika.PlugInLoader.UnitTests.csproj", "{350DCFFD-6FB9-4BB4-BBE8-AB085A7C8B28}"
EndProject
Global
	GlobalSection(SolutionConfigurationPlatforms) = preSolution
		Debug|Any CPU = Debug|Any CPU
		Release|Any CPU = Release|Any CPU
	EndGlobalSection
	GlobalSection(ProjectConfigurationPlatforms) = postSolution
		{85A37E20-475D-4177-BC5E-892537D14E86}.Debug|Any CPU.ActiveCfg = Debug|Any CPU
		{85A37E20-475D-4177-BC5E-892537D14E86}.Debug|Any CPU.Build.0 = Debug|Any CPU
		{85A37E20-475D-4177-BC5E-892537D14E86}.Release|Any CPU.ActiveCfg = Release|Any CPU
		{85A37E20-475D-4177-BC5E-892537D14E86}.Release|Any CPU.Build.0 = Release|Any CPU
		{A459ED9E-65E5-46EC-A26E-7E8E300CEFEB}.Debug|Any CPU.ActiveCfg = Debug|Any CPU
		{A459ED9E-65E5-46EC-A26E-7E8E300CEFEB}.Debug|Any CPU.Build.0 = Debug|Any CPU
		{A459ED9E-65E5-46EC-A26E-7E8E300CEFEB}.Release|Any CPU.ActiveCfg = Release|Any CPU
		{A459ED9E-65E5-46EC-A26E-7E8E300CEFEB}.Release|Any CPU.Build.0 = Release|Any CPU
		{F15636B8-F709-4167-A684-357F3DAF5B41}.Debug|Any CPU.ActiveCfg = Debug|Any CPU
		{F15636B8-F709-4167-A684-357F3DAF5B41}.Debug|Any CPU.Build.0 = Debug|Any CPU
		{F15636B8-F709-4167-A684-357F3DAF5B41}.Release|Any CPU.ActiveCfg = Release|Any CPU
		{F15636B8-F709-4167-A684-357F3DAF5B41}.Release|Any CPU.Build.0 = Release|Any CPU
		{350DCFFD-6FB9-4BB4-BBE8-AB085A7C8B28}.Debug|Any CPU.ActiveCfg = Debug|Any CPU
		{350DCFFD-6FB9-4BB4-BBE8-AB085A7C8B28}.Debug|Any CPU.Build.0 = Debug|Any CPU
		{350DCFFD-6FB9-4BB4-BBE8-AB085A7C8B28}.Release|Any CPU.ActiveCfg = Release|Any CPU
		{350DCFFD-6FB9-4BB4-BBE8-AB085A7C8B28}.Release|Any CPU.Build.0 = Release|Any CPU
	EndGlobalSection
EndGlobal
